// !$*UTF8*$!
{
	archiveVersion = 1;
	classes = {
	};
	objectVersion = 51;
	objects = {

/* Begin PBXBuildFile section */
		031ACA195D6D7965C48D47E9 /* Pods_ToDoListTests.framework in Frameworks */ = {isa = PBXBuildFile; fileRef = BD149DEF42A7529166B5BDCB /* Pods_ToDoListTests.framework */; };
		1008450F77AD4C9927C06266 /* Pods_ToDoList.framework in Frameworks */ = {isa = PBXBuildFile; fileRef = 2513C757325066E675F96E64 /* Pods_ToDoList.framework */; };
		9D08EE3026952426000D3330 /* TasksDataManagerDelegate.swift in Sources */ = {isa = PBXBuildFile; fileRef = 9D08EE2F26952426000D3330 /* TasksDataManagerDelegate.swift */; };
		9D08EE392695DBA5000D3330 /* CoreDataManager.swift in Sources */ = {isa = PBXBuildFile; fileRef = 9D08EE382695DBA5000D3330 /* CoreDataManager.swift */; };
		9D08EE3B2695DC28000D3330 /* CoreDataManagerTests.swift in Sources */ = {isa = PBXBuildFile; fileRef = 9D08EE3A2695DC28000D3330 /* CoreDataManagerTests.swift */; };
		9D08EE3E2695E331000D3330 /* NSPersistentContainer.swift in Sources */ = {isa = PBXBuildFile; fileRef = 9D08EE3D2695E331000D3330 /* NSPersistentContainer.swift */; };
		9D08EE402695E515000D3330 /* StoreType.swift in Sources */ = {isa = PBXBuildFile; fileRef = 9D08EE3F2695E515000D3330 /* StoreType.swift */; };
		9D08EE422695EC36000D3330 /* TasksDataManager.swift in Sources */ = {isa = PBXBuildFile; fileRef = 9D08EE412695EC36000D3330 /* TasksDataManager.swift */; };
		9D08EE462695EF59000D3330 /* TasksDataManagerTests.swift in Sources */ = {isa = PBXBuildFile; fileRef = 9D08EE452695EF59000D3330 /* TasksDataManagerTests.swift */; };
		9D08EE4A2695F77B000D3330 /* TasksDataManagerDelegateMock.swift in Sources */ = {isa = PBXBuildFile; fileRef = 9D08EE492695F77B000D3330 /* TasksDataManagerDelegateMock.swift */; };
		9D3A986D2695FF3A00BC553E /* ToDoListDataModel.xcdatamodeld in Sources */ = {isa = PBXBuildFile; fileRef = 9D3A986B2695FF3A00BC553E /* ToDoListDataModel.xcdatamodeld */; };
		9D6E64702694693900ABE77A /* AppDelegate.swift in Sources */ = {isa = PBXBuildFile; fileRef = 9D6E646F2694693900ABE77A /* AppDelegate.swift */; };
		9D6E64722694693900ABE77A /* SceneDelegate.swift in Sources */ = {isa = PBXBuildFile; fileRef = 9D6E64712694693900ABE77A /* SceneDelegate.swift */; };
		9D6E64742694693900ABE77A /* MainViewController.swift in Sources */ = {isa = PBXBuildFile; fileRef = 9D6E64732694693900ABE77A /* MainViewController.swift */; };
		9D6E64772694693900ABE77A /* Main.storyboard in Resources */ = {isa = PBXBuildFile; fileRef = 9D6E64752694693900ABE77A /* Main.storyboard */; };
		9D6E647C2694693C00ABE77A /* Assets.xcassets in Resources */ = {isa = PBXBuildFile; fileRef = 9D6E647B2694693C00ABE77A /* Assets.xcassets */; };
		9D6E647F2694693C00ABE77A /* LaunchScreen.storyboard in Resources */ = {isa = PBXBuildFile; fileRef = 9D6E647D2694693C00ABE77A /* LaunchScreen.storyboard */; };
		9D6E64AC26947DAE00ABE77A /* AddViewController.swift in Sources */ = {isa = PBXBuildFile; fileRef = 9D6E64AB26947DAE00ABE77A /* AddViewController.swift */; };
		9D6E64AF2694865600ABE77A /* TaskTableViewCell.swift in Sources */ = {isa = PBXBuildFile; fileRef = 9D6E64AE2694865600ABE77A /* TaskTableViewCell.swift */; };
		9D6E64B32694A62E00ABE77A /* StringExtensions.swift in Sources */ = {isa = PBXBuildFile; fileRef = 9D6E64B22694A62E00ABE77A /* StringExtensions.swift */; };
		9D6E64B52694AD6200ABE77A /* TaskTableViewCellDelegate.swift in Sources */ = {isa = PBXBuildFile; fileRef = 9D6E64B42694AD6200ABE77A /* TaskTableViewCellDelegate.swift */; };
		9D6E64BA2694F05A00ABE77A /* Priority.swift in Sources */ = {isa = PBXBuildFile; fileRef = 9D6E64B92694F05A00ABE77A /* Priority.swift */; };
		9DF874AC26951CB50022C247 /* Task.swift in Sources */ = {isa = PBXBuildFile; fileRef = 9DF874AB26951CB50022C247 /* Task.swift */; };
/* End PBXBuildFile section */

/* Begin PBXContainerItemProxy section */
		9D6E64862694693C00ABE77A /* PBXContainerItemProxy */ = {
			isa = PBXContainerItemProxy;
			containerPortal = 9D6E64642694693900ABE77A /* Project object */;
			proxyType = 1;
			remoteGlobalIDString = 9D6E646B2694693900ABE77A;
			remoteInfo = ToDoList;
		};
/* End PBXContainerItemProxy section */

/* Begin PBXFileReference section */
		2513C757325066E675F96E64 /* Pods_ToDoList.framework */ = {isa = PBXFileReference; explicitFileType = wrapper.framework; includeInIndex = 0; path = Pods_ToDoList.framework; sourceTree = BUILT_PRODUCTS_DIR; };
		486F2E78F977AAA37B83CA7E /* Pods-ToDoList.debug.xcconfig */ = {isa = PBXFileReference; includeInIndex = 1; lastKnownFileType = text.xcconfig; name = "Pods-ToDoList.debug.xcconfig"; path = "Target Support Files/Pods-ToDoList/Pods-ToDoList.debug.xcconfig"; sourceTree = "<group>"; };
		726741B57855313C02139F12 /* Pods-ToDoList.release.xcconfig */ = {isa = PBXFileReference; includeInIndex = 1; lastKnownFileType = text.xcconfig; name = "Pods-ToDoList.release.xcconfig"; path = "Target Support Files/Pods-ToDoList/Pods-ToDoList.release.xcconfig"; sourceTree = "<group>"; };
		9D08EE2F26952426000D3330 /* TasksDataManagerDelegate.swift */ = {isa = PBXFileReference; lastKnownFileType = sourcecode.swift; path = TasksDataManagerDelegate.swift; sourceTree = "<group>"; };
		9D08EE382695DBA5000D3330 /* CoreDataManager.swift */ = {isa = PBXFileReference; lastKnownFileType = sourcecode.swift; path = CoreDataManager.swift; sourceTree = "<group>"; };
		9D08EE3A2695DC28000D3330 /* CoreDataManagerTests.swift */ = {isa = PBXFileReference; lastKnownFileType = sourcecode.swift; path = CoreDataManagerTests.swift; sourceTree = "<group>"; };
		9D08EE3D2695E331000D3330 /* NSPersistentContainer.swift */ = {isa = PBXFileReference; lastKnownFileType = sourcecode.swift; path = NSPersistentContainer.swift; sourceTree = "<group>"; };
		9D08EE3F2695E515000D3330 /* StoreType.swift */ = {isa = PBXFileReference; lastKnownFileType = sourcecode.swift; path = StoreType.swift; sourceTree = "<group>"; };
		9D08EE412695EC36000D3330 /* TasksDataManager.swift */ = {isa = PBXFileReference; lastKnownFileType = sourcecode.swift; path = TasksDataManager.swift; sourceTree = "<group>"; };
		9D08EE452695EF59000D3330 /* TasksDataManagerTests.swift */ = {isa = PBXFileReference; lastKnownFileType = sourcecode.swift; path = TasksDataManagerTests.swift; sourceTree = "<group>"; };
		9D08EE492695F77B000D3330 /* TasksDataManagerDelegateMock.swift */ = {isa = PBXFileReference; lastKnownFileType = sourcecode.swift; path = TasksDataManagerDelegateMock.swift; sourceTree = "<group>"; };
		9D3A986C2695FF3A00BC553E /* ToDoListDataModel.xcdatamodel */ = {isa = PBXFileReference; lastKnownFileType = wrapper.xcdatamodel; path = ToDoListDataModel.xcdatamodel; sourceTree = "<group>"; };
		9D6E646C2694693900ABE77A /* ToDoList.app */ = {isa = PBXFileReference; explicitFileType = wrapper.application; includeInIndex = 0; path = ToDoList.app; sourceTree = BUILT_PRODUCTS_DIR; };
		9D6E646F2694693900ABE77A /* AppDelegate.swift */ = {isa = PBXFileReference; lastKnownFileType = sourcecode.swift; path = AppDelegate.swift; sourceTree = "<group>"; };
		9D6E64712694693900ABE77A /* SceneDelegate.swift */ = {isa = PBXFileReference; lastKnownFileType = sourcecode.swift; path = SceneDelegate.swift; sourceTree = "<group>"; };
		9D6E64732694693900ABE77A /* MainViewController.swift */ = {isa = PBXFileReference; lastKnownFileType = sourcecode.swift; path = MainViewController.swift; sourceTree = "<group>"; };
		9D6E64762694693900ABE77A /* Base */ = {isa = PBXFileReference; lastKnownFileType = file.storyboard; name = Base; path = Base.lproj/Main.storyboard; sourceTree = "<group>"; };
		9D6E647B2694693C00ABE77A /* Assets.xcassets */ = {isa = PBXFileReference; lastKnownFileType = folder.assetcatalog; path = Assets.xcassets; sourceTree = "<group>"; };
		9D6E647E2694693C00ABE77A /* Base */ = {isa = PBXFileReference; lastKnownFileType = file.storyboard; name = Base; path = Base.lproj/LaunchScreen.storyboard; sourceTree = "<group>"; };
		9D6E64802694693C00ABE77A /* Info.plist */ = {isa = PBXFileReference; lastKnownFileType = text.plist.xml; path = Info.plist; sourceTree = "<group>"; };
		9D6E64852694693C00ABE77A /* ToDoListTests.xctest */ = {isa = PBXFileReference; explicitFileType = wrapper.cfbundle; includeInIndex = 0; path = ToDoListTests.xctest; sourceTree = BUILT_PRODUCTS_DIR; };
		9D6E648B2694693C00ABE77A /* Info.plist */ = {isa = PBXFileReference; lastKnownFileType = text.plist.xml; path = Info.plist; sourceTree = "<group>"; };
		9D6E64AB26947DAE00ABE77A /* AddViewController.swift */ = {isa = PBXFileReference; lastKnownFileType = sourcecode.swift; path = AddViewController.swift; sourceTree = "<group>"; };
		9D6E64AE2694865600ABE77A /* TaskTableViewCell.swift */ = {isa = PBXFileReference; lastKnownFileType = sourcecode.swift; path = TaskTableViewCell.swift; sourceTree = "<group>"; };
		9D6E64B22694A62E00ABE77A /* StringExtensions.swift */ = {isa = PBXFileReference; lastKnownFileType = sourcecode.swift; path = StringExtensions.swift; sourceTree = "<group>"; };
		9D6E64B42694AD6200ABE77A /* TaskTableViewCellDelegate.swift */ = {isa = PBXFileReference; lastKnownFileType = sourcecode.swift; path = TaskTableViewCellDelegate.swift; sourceTree = "<group>"; };
		9D6E64B92694F05A00ABE77A /* Priority.swift */ = {isa = PBXFileReference; lastKnownFileType = sourcecode.swift; path = Priority.swift; sourceTree = "<group>"; };
		9DF874AB26951CB50022C247 /* Task.swift */ = {isa = PBXFileReference; lastKnownFileType = sourcecode.swift; path = Task.swift; sourceTree = "<group>"; };
		AB68016EF747BA0CFCBEAD22 /* Pods-ToDoListTests.debug.xcconfig */ = {isa = PBXFileReference; includeInIndex = 1; lastKnownFileType = text.xcconfig; name = "Pods-ToDoListTests.debug.xcconfig"; path = "Target Support Files/Pods-ToDoListTests/Pods-ToDoListTests.debug.xcconfig"; sourceTree = "<group>"; };
		BD149DEF42A7529166B5BDCB /* Pods_ToDoListTests.framework */ = {isa = PBXFileReference; explicitFileType = wrapper.framework; includeInIndex = 0; path = Pods_ToDoListTests.framework; sourceTree = BUILT_PRODUCTS_DIR; };
		D585A434771536D740D0C10E /* Pods-ToDoListTests.release.xcconfig */ = {isa = PBXFileReference; includeInIndex = 1; lastKnownFileType = text.xcconfig; name = "Pods-ToDoListTests.release.xcconfig"; path = "Target Support Files/Pods-ToDoListTests/Pods-ToDoListTests.release.xcconfig"; sourceTree = "<group>"; };
/* End PBXFileReference section */

/* Begin PBXFrameworksBuildPhase section */
		9D6E64692694693900ABE77A /* Frameworks */ = {
			isa = PBXFrameworksBuildPhase;
			buildActionMask = 2147483647;
			files = (
				1008450F77AD4C9927C06266 /* Pods_ToDoList.framework in Frameworks */,
			);
			runOnlyForDeploymentPostprocessing = 0;
		};
		9D6E64822694693C00ABE77A /* Frameworks */ = {
			isa = PBXFrameworksBuildPhase;
			buildActionMask = 2147483647;
			files = (
				031ACA195D6D7965C48D47E9 /* Pods_ToDoListTests.framework in Frameworks */,
			);
			runOnlyForDeploymentPostprocessing = 0;
		};
/* End PBXFrameworksBuildPhase section */

/* Begin PBXGroup section */
		8CF5DF14F90B1188CC7BE8F6 /* Pods */ = {
			isa = PBXGroup;
			children = (
				486F2E78F977AAA37B83CA7E /* Pods-ToDoList.debug.xcconfig */,
				726741B57855313C02139F12 /* Pods-ToDoList.release.xcconfig */,
				AB68016EF747BA0CFCBEAD22 /* Pods-ToDoListTests.debug.xcconfig */,
				D585A434771536D740D0C10E /* Pods-ToDoListTests.release.xcconfig */,
			);
			path = Pods;
			sourceTree = "<group>";
		};
		9D08EE2E26952418000D3330 /* Delegates */ = {
			isa = PBXGroup;
			children = (
				9D08EE2F26952426000D3330 /* TasksDataManagerDelegate.swift */,
			);
			path = Delegates;
			sourceTree = "<group>";
		};
		9D08EE3C2695E31B000D3330 /* Extensions */ = {
			isa = PBXGroup;
			children = (
				9D08EE3D2695E331000D3330 /* NSPersistentContainer.swift */,
			);
			path = Extensions;
			sourceTree = "<group>";
		};
		9D08EE432695ECAC000D3330 /* DataModels */ = {
			isa = PBXGroup;
			children = (
				9D3A986B2695FF3A00BC553E /* ToDoListDataModel.xcdatamodeld */,
			);
			path = DataModels;
			sourceTree = "<group>";
		};
		9D08EE442695EDEA000D3330 /* Models */ = {
			isa = PBXGroup;
			children = (
				9D08EE472695EF9D000D3330 /* CoreDataManager */,
				9D6E64A4269469EF00ABE77A /* TaskDataManager */,
			);
			path = Models;
			sourceTree = "<group>";
		};
		9D08EE472695EF9D000D3330 /* CoreDataManager */ = {
			isa = PBXGroup;
			children = (
				9D08EE382695DBA5000D3330 /* CoreDataManager.swift */,
				9D08EE3F2695E515000D3330 /* StoreType.swift */,
				9D08EE432695ECAC000D3330 /* DataModels */,
			);
			path = CoreDataManager;
			sourceTree = "<group>";
		};
		9D08EE482695F761000D3330 /* Mocks */ = {
			isa = PBXGroup;
			children = (
				9D08EE492695F77B000D3330 /* TasksDataManagerDelegateMock.swift */,
			);
			path = Mocks;
			sourceTree = "<group>";
		};
		9D3A986E2696161F00BC553E /* CoreDataManagerTest */ = {
			isa = PBXGroup;
			children = (
				9D08EE3A2695DC28000D3330 /* CoreDataManagerTests.swift */,
			);
			path = CoreDataManagerTest;
			sourceTree = "<group>";
		};
		9D3A986F2696163B00BC553E /* TasksDataManagerTests */ = {
			isa = PBXGroup;
			children = (
				9D08EE452695EF59000D3330 /* TasksDataManagerTests.swift */,
				9D08EE482695F761000D3330 /* Mocks */,
			);
			path = TasksDataManagerTests;
			sourceTree = "<group>";
		};
		9D6E64632694693900ABE77A = {
			isa = PBXGroup;
			children = (
				9D6E646E2694693900ABE77A /* ToDoList */,
				9D6E64882694693C00ABE77A /* ToDoListTests */,
				9D6E646D2694693900ABE77A /* Products */,
				8CF5DF14F90B1188CC7BE8F6 /* Pods */,
				DD57F6D5D3CE84B3A6A1C977 /* Frameworks */,
			);
			sourceTree = "<group>";
		};
		9D6E646D2694693900ABE77A /* Products */ = {
			isa = PBXGroup;
			children = (
				9D6E646C2694693900ABE77A /* ToDoList.app */,
				9D6E64852694693C00ABE77A /* ToDoListTests.xctest */,
			);
			name = Products;
			sourceTree = "<group>";
		};
		9D6E646E2694693900ABE77A /* ToDoList */ = {
			isa = PBXGroup;
			children = (
				9D6E64A2269469E200ABE77A /* Resources */,
				9D6E64A3269469E900ABE77A /* Sources */,
			);
			path = ToDoList;
			sourceTree = "<group>";
		};
		9D6E64882694693C00ABE77A /* ToDoListTests */ = {
			isa = PBXGroup;
			children = (
				9D6E64AA26946A8700ABE77A /* Resources */,
				9D6E64A926946A8200ABE77A /* Sources */,
			);
			path = ToDoListTests;
			sourceTree = "<group>";
		};
		9D6E64A2269469E200ABE77A /* Resources */ = {
			isa = PBXGroup;
			children = (
				9D6E64802694693C00ABE77A /* Info.plist */,
				9D6E647B2694693C00ABE77A /* Assets.xcassets */,
			);
			path = Resources;
			sourceTree = "<group>";
		};
		9D6E64A3269469E900ABE77A /* Sources */ = {
			isa = PBXGroup;
			children = (
				9D08EE442695EDEA000D3330 /* Models */,
				9D6E64A626946A0000ABE77A /* ViewControllers */,
				9D6E64AD2694863A00ABE77A /* Views */,
				9D6E64A826946A5F00ABE77A /* Storyboards */,
				9D6E64A726946A4B00ABE77A /* Delegates */,
				9D6E64B02694A61600ABE77A /* Extensions */,
			);
			path = Sources;
			sourceTree = "<group>";
		};
		9D6E64A4269469EF00ABE77A /* TaskDataManager */ = {
			isa = PBXGroup;
			children = (
				9D08EE412695EC36000D3330 /* TasksDataManager.swift */,
				9DF874AB26951CB50022C247 /* Task.swift */,
				9D6E64B92694F05A00ABE77A /* Priority.swift */,
				9D08EE2E26952418000D3330 /* Delegates */,
			);
			path = TaskDataManager;
			sourceTree = "<group>";
		};
		9D6E64A626946A0000ABE77A /* ViewControllers */ = {
			isa = PBXGroup;
			children = (
				9D6E64732694693900ABE77A /* MainViewController.swift */,
				9D6E64AB26947DAE00ABE77A /* AddViewController.swift */,
			);
			path = ViewControllers;
			sourceTree = "<group>";
		};
		9D6E64A726946A4B00ABE77A /* Delegates */ = {
			isa = PBXGroup;
			children = (
				9D6E646F2694693900ABE77A /* AppDelegate.swift */,
				9D6E64712694693900ABE77A /* SceneDelegate.swift */,
			);
			path = Delegates;
			sourceTree = "<group>";
		};
		9D6E64A826946A5F00ABE77A /* Storyboards */ = {
			isa = PBXGroup;
			children = (
				9D6E64752694693900ABE77A /* Main.storyboard */,
				9D6E647D2694693C00ABE77A /* LaunchScreen.storyboard */,
			);
			path = Storyboards;
			sourceTree = "<group>";
		};
		9D6E64A926946A8200ABE77A /* Sources */ = {
			isa = PBXGroup;
			children = (
				9D758EC22694F4B400252A7F /* ModelsTests */,
			);
			path = Sources;
			sourceTree = "<group>";
		};
		9D6E64AA26946A8700ABE77A /* Resources */ = {
			isa = PBXGroup;
			children = (
				9D6E648B2694693C00ABE77A /* Info.plist */,
			);
			path = Resources;
			sourceTree = "<group>";
		};
		9D6E64AD2694863A00ABE77A /* Views */ = {
			isa = PBXGroup;
			children = (
				9D6E64AE2694865600ABE77A /* TaskTableViewCell.swift */,
				9D6E64B62694AD6D00ABE77A /* Delegates */,
			);
			path = Views;
			sourceTree = "<group>";
		};
		9D6E64B02694A61600ABE77A /* Extensions */ = {
			isa = PBXGroup;
			children = (
				9D6E64B12694A61F00ABE77A /* Foundation */,
			);
			path = Extensions;
			sourceTree = "<group>";
		};
		9D6E64B12694A61F00ABE77A /* Foundation */ = {
			isa = PBXGroup;
			children = (
				9D6E64B22694A62E00ABE77A /* StringExtensions.swift */,
			);
			path = Foundation;
			sourceTree = "<group>";
		};
		9D6E64B62694AD6D00ABE77A /* Delegates */ = {
			isa = PBXGroup;
			children = (
				9D6E64B42694AD6200ABE77A /* TaskTableViewCellDelegate.swift */,
			);
			path = Delegates;
			sourceTree = "<group>";
		};
		9D758EC22694F4B400252A7F /* ModelsTests */ = {
			isa = PBXGroup;
			children = (
				9D3A986F2696163B00BC553E /* TasksDataManagerTests */,
				9D3A986E2696161F00BC553E /* CoreDataManagerTest */,
				9D08EE3C2695E31B000D3330 /* Extensions */,
			);
			path = ModelsTests;
			sourceTree = "<group>";
		};
		DD57F6D5D3CE84B3A6A1C977 /* Frameworks */ = {
			isa = PBXGroup;
			children = (
				2513C757325066E675F96E64 /* Pods_ToDoList.framework */,
				BD149DEF42A7529166B5BDCB /* Pods_ToDoListTests.framework */,
			);
			name = Frameworks;
			sourceTree = "<group>";
		};
/* End PBXGroup section */

/* Begin PBXNativeTarget section */
		9D6E646B2694693900ABE77A /* ToDoList */ = {
			isa = PBXNativeTarget;
			buildConfigurationList = 9D6E64992694693C00ABE77A /* Build configuration list for PBXNativeTarget "ToDoList" */;
			buildPhases = (
				54E7C9AC36B96129B1D739BF /* [CP] Check Pods Manifest.lock */,
				9D6E64682694693900ABE77A /* Sources */,
				9D6E64692694693900ABE77A /* Frameworks */,
				9D6E646A2694693900ABE77A /* Resources */,
				6F95406B1054CEA1BF687BAB /* [CP] Embed Pods Frameworks */,
			);
			buildRules = (
			);
			dependencies = (
			);
			name = ToDoList;
			productName = ToDoList;
			productReference = 9D6E646C2694693900ABE77A /* ToDoList.app */;
			productType = "com.apple.product-type.application";
		};
		9D6E64842694693C00ABE77A /* ToDoListTests */ = {
			isa = PBXNativeTarget;
			buildConfigurationList = 9D6E649C2694693C00ABE77A /* Build configuration list for PBXNativeTarget "ToDoListTests" */;
			buildPhases = (
				1E54ABF773C9588F7ABB23A2 /* [CP] Check Pods Manifest.lock */,
				9D6E64812694693C00ABE77A /* Sources */,
				9D6E64822694693C00ABE77A /* Frameworks */,
				9D6E64832694693C00ABE77A /* Resources */,
			);
			buildRules = (
			);
			dependencies = (
				9D6E64872694693C00ABE77A /* PBXTargetDependency */,
			);
			name = ToDoListTests;
			productName = ToDoListTests;
			productReference = 9D6E64852694693C00ABE77A /* ToDoListTests.xctest */;
			productType = "com.apple.product-type.bundle.unit-test";
		};
/* End PBXNativeTarget section */

/* Begin PBXProject section */
		9D6E64642694693900ABE77A /* Project object */ = {
			isa = PBXProject;
			attributes = {
				LastSwiftUpdateCheck = 1250;
				LastUpgradeCheck = 1250;
				TargetAttributes = {
					9D6E646B2694693900ABE77A = {
						CreatedOnToolsVersion = 12.5.1;
					};
					9D6E64842694693C00ABE77A = {
						CreatedOnToolsVersion = 12.5.1;
						TestTargetID = 9D6E646B2694693900ABE77A;
					};
				};
			};
			buildConfigurationList = 9D6E64672694693900ABE77A /* Build configuration list for PBXProject "ToDoList" */;
			compatibilityVersion = "Xcode 9.3";
			developmentRegion = en;
			hasScannedForEncodings = 0;
			knownRegions = (
				en,
				Base,
			);
			mainGroup = 9D6E64632694693900ABE77A;
			productRefGroup = 9D6E646D2694693900ABE77A /* Products */;
			projectDirPath = "";
			projectRoot = "";
			targets = (
				9D6E646B2694693900ABE77A /* ToDoList */,
				9D6E64842694693C00ABE77A /* ToDoListTests */,
			);
		};
/* End PBXProject section */

/* Begin PBXResourcesBuildPhase section */
		9D6E646A2694693900ABE77A /* Resources */ = {
			isa = PBXResourcesBuildPhase;
			buildActionMask = 2147483647;
			files = (
				9D6E647F2694693C00ABE77A /* LaunchScreen.storyboard in Resources */,
				9D6E647C2694693C00ABE77A /* Assets.xcassets in Resources */,
				9D6E64772694693900ABE77A /* Main.storyboard in Resources */,
			);
			runOnlyForDeploymentPostprocessing = 0;
		};
		9D6E64832694693C00ABE77A /* Resources */ = {
			isa = PBXResourcesBuildPhase;
			buildActionMask = 2147483647;
			files = (
			);
			runOnlyForDeploymentPostprocessing = 0;
		};
/* End PBXResourcesBuildPhase section */

/* Begin PBXShellScriptBuildPhase section */
		1E54ABF773C9588F7ABB23A2 /* [CP] Check Pods Manifest.lock */ = {
			isa = PBXShellScriptBuildPhase;
			buildActionMask = 2147483647;
			files = (
			);
			inputFileListPaths = (
			);
			inputPaths = (
				"${PODS_PODFILE_DIR_PATH}/Podfile.lock",
				"${PODS_ROOT}/Manifest.lock",
			);
			name = "[CP] Check Pods Manifest.lock";
			outputFileListPaths = (
			);
			outputPaths = (
				"$(DERIVED_FILE_DIR)/Pods-ToDoListTests-checkManifestLockResult.txt",
			);
			runOnlyForDeploymentPostprocessing = 0;
			shellPath = /bin/sh;
			shellScript = "diff \"${PODS_PODFILE_DIR_PATH}/Podfile.lock\" \"${PODS_ROOT}/Manifest.lock\" > /dev/null\nif [ $? != 0 ] ; then\n    # print error to STDERR\n    echo \"error: The sandbox is not in sync with the Podfile.lock. Run 'pod install' or update your CocoaPods installation.\" >&2\n    exit 1\nfi\n# This output is used by Xcode 'outputs' to avoid re-running this script phase.\necho \"SUCCESS\" > \"${SCRIPT_OUTPUT_FILE_0}\"\n";
			showEnvVarsInLog = 0;
		};
		54E7C9AC36B96129B1D739BF /* [CP] Check Pods Manifest.lock */ = {
			isa = PBXShellScriptBuildPhase;
			buildActionMask = 2147483647;
			files = (
			);
			inputFileListPaths = (
			);
			inputPaths = (
				"${PODS_PODFILE_DIR_PATH}/Podfile.lock",
				"${PODS_ROOT}/Manifest.lock",
			);
			name = "[CP] Check Pods Manifest.lock";
			outputFileListPaths = (
			);
			outputPaths = (
				"$(DERIVED_FILE_DIR)/Pods-ToDoList-checkManifestLockResult.txt",
			);
			runOnlyForDeploymentPostprocessing = 0;
			shellPath = /bin/sh;
			shellScript = "diff \"${PODS_PODFILE_DIR_PATH}/Podfile.lock\" \"${PODS_ROOT}/Manifest.lock\" > /dev/null\nif [ $? != 0 ] ; then\n    # print error to STDERR\n    echo \"error: The sandbox is not in sync with the Podfile.lock. Run 'pod install' or update your CocoaPods installation.\" >&2\n    exit 1\nfi\n# This output is used by Xcode 'outputs' to avoid re-running this script phase.\necho \"SUCCESS\" > \"${SCRIPT_OUTPUT_FILE_0}\"\n";
			showEnvVarsInLog = 0;
		};
		6F95406B1054CEA1BF687BAB /* [CP] Embed Pods Frameworks */ = {
			isa = PBXShellScriptBuildPhase;
			buildActionMask = 2147483647;
			files = (
			);
			inputFileListPaths = (
				"${PODS_ROOT}/Target Support Files/Pods-ToDoList/Pods-ToDoList-frameworks-${CONFIGURATION}-input-files.xcfilelist",
			);
			name = "[CP] Embed Pods Frameworks";
			outputFileListPaths = (
				"${PODS_ROOT}/Target Support Files/Pods-ToDoList/Pods-ToDoList-frameworks-${CONFIGURATION}-output-files.xcfilelist",
			);
			runOnlyForDeploymentPostprocessing = 0;
			shellPath = /bin/sh;
			shellScript = "\"${PODS_ROOT}/Target Support Files/Pods-ToDoList/Pods-ToDoList-frameworks.sh\"\n";
			showEnvVarsInLog = 0;
		};
/* End PBXShellScriptBuildPhase section */

/* Begin PBXSourcesBuildPhase section */
		9D6E64682694693900ABE77A /* Sources */ = {
			isa = PBXSourcesBuildPhase;
			buildActionMask = 2147483647;
			files = (
				9D6E64AC26947DAE00ABE77A /* AddViewController.swift in Sources */,
				9D6E64742694693900ABE77A /* MainViewController.swift in Sources */,
				9D6E64BA2694F05A00ABE77A /* Priority.swift in Sources */,
				9DF874AC26951CB50022C247 /* Task.swift in Sources */,
				9D6E64AF2694865600ABE77A /* TaskTableViewCell.swift in Sources */,
				9D3A986D2695FF3A00BC553E /* ToDoListDataModel.xcdatamodeld in Sources */,
				9D6E64B52694AD6200ABE77A /* TaskTableViewCellDelegate.swift in Sources */,
				9D08EE392695DBA5000D3330 /* CoreDataManager.swift in Sources */,
				9D6E64B32694A62E00ABE77A /* StringExtensions.swift in Sources */,
				9D08EE422695EC36000D3330 /* TasksDataManager.swift in Sources */,
				9D6E64702694693900ABE77A /* AppDelegate.swift in Sources */,
				9D6E64722694693900ABE77A /* SceneDelegate.swift in Sources */,
				9D08EE402695E515000D3330 /* StoreType.swift in Sources */,
				9D08EE3026952426000D3330 /* TasksDataManagerDelegate.swift in Sources */,
			);
			runOnlyForDeploymentPostprocessing = 0;
		};
		9D6E64812694693C00ABE77A /* Sources */ = {
			isa = PBXSourcesBuildPhase;
			buildActionMask = 2147483647;
			files = (
				9D08EE462695EF59000D3330 /* TasksDataManagerTests.swift in Sources */,
				9D08EE3E2695E331000D3330 /* NSPersistentContainer.swift in Sources */,
				9D08EE3B2695DC28000D3330 /* CoreDataManagerTests.swift in Sources */,
				9D08EE4A2695F77B000D3330 /* TasksDataManagerDelegateMock.swift in Sources */,
			);
			runOnlyForDeploymentPostprocessing = 0;
		};
/* End PBXSourcesBuildPhase section */

/* Begin PBXTargetDependency section */
		9D6E64872694693C00ABE77A /* PBXTargetDependency */ = {
			isa = PBXTargetDependency;
			target = 9D6E646B2694693900ABE77A /* ToDoList */;
			targetProxy = 9D6E64862694693C00ABE77A /* PBXContainerItemProxy */;
		};
/* End PBXTargetDependency section */

/* Begin PBXVariantGroup section */
		9D6E64752694693900ABE77A /* Main.storyboard */ = {
			isa = PBXVariantGroup;
			children = (
				9D6E64762694693900ABE77A /* Base */,
			);
			name = Main.storyboard;
			sourceTree = "<group>";
		};
		9D6E647D2694693C00ABE77A /* LaunchScreen.storyboard */ = {
			isa = PBXVariantGroup;
			children = (
				9D6E647E2694693C00ABE77A /* Base */,
			);
			name = LaunchScreen.storyboard;
			sourceTree = "<group>";
		};
/* End PBXVariantGroup section */

/* Begin XCBuildConfiguration section */
		9D6E64972694693C00ABE77A /* Debug */ = {
			isa = XCBuildConfiguration;
			buildSettings = {
				ALWAYS_SEARCH_USER_PATHS = NO;
				CLANG_ANALYZER_NONNULL = YES;
				CLANG_ANALYZER_NUMBER_OBJECT_CONVERSION = YES_AGGRESSIVE;
				CLANG_CXX_LANGUAGE_STANDARD = "gnu++14";
				CLANG_CXX_LIBRARY = "libc++";
				CLANG_ENABLE_MODULES = YES;
				CLANG_ENABLE_OBJC_ARC = YES;
				CLANG_ENABLE_OBJC_WEAK = YES;
				CLANG_WARN_BLOCK_CAPTURE_AUTORELEASING = YES;
				CLANG_WARN_BOOL_CONVERSION = YES;
				CLANG_WARN_COMMA = YES;
				CLANG_WARN_CONSTANT_CONVERSION = YES;
				CLANG_WARN_DEPRECATED_OBJC_IMPLEMENTATIONS = YES;
				CLANG_WARN_DIRECT_OBJC_ISA_USAGE = YES_ERROR;
				CLANG_WARN_DOCUMENTATION_COMMENTS = YES;
				CLANG_WARN_EMPTY_BODY = YES;
				CLANG_WARN_ENUM_CONVERSION = YES;
				CLANG_WARN_INFINITE_RECURSION = YES;
				CLANG_WARN_INT_CONVERSION = YES;
				CLANG_WARN_NON_LITERAL_NULL_CONVERSION = YES;
				CLANG_WARN_OBJC_IMPLICIT_RETAIN_SELF = YES;
				CLANG_WARN_OBJC_LITERAL_CONVERSION = YES;
				CLANG_WARN_OBJC_ROOT_CLASS = YES_ERROR;
				CLANG_WARN_QUOTED_INCLUDE_IN_FRAMEWORK_HEADER = YES;
				CLANG_WARN_RANGE_LOOP_ANALYSIS = YES;
				CLANG_WARN_STRICT_PROTOTYPES = YES;
				CLANG_WARN_SUSPICIOUS_MOVE = YES;
				CLANG_WARN_UNGUARDED_AVAILABILITY = YES_AGGRESSIVE;
				CLANG_WARN_UNREACHABLE_CODE = YES;
				CLANG_WARN__DUPLICATE_METHOD_MATCH = YES;
				COPY_PHASE_STRIP = NO;
				DEBUG_INFORMATION_FORMAT = dwarf;
				ENABLE_STRICT_OBJC_MSGSEND = YES;
				ENABLE_TESTABILITY = YES;
				GCC_C_LANGUAGE_STANDARD = gnu11;
				GCC_DYNAMIC_NO_PIC = NO;
				GCC_NO_COMMON_BLOCKS = YES;
				GCC_OPTIMIZATION_LEVEL = 0;
				GCC_PREPROCESSOR_DEFINITIONS = (
					"DEBUG=1",
					"$(inherited)",
				);
				GCC_WARN_64_TO_32_BIT_CONVERSION = YES;
				GCC_WARN_ABOUT_RETURN_TYPE = YES_ERROR;
				GCC_WARN_UNDECLARED_SELECTOR = YES;
				GCC_WARN_UNINITIALIZED_AUTOS = YES_AGGRESSIVE;
				GCC_WARN_UNUSED_FUNCTION = YES;
				GCC_WARN_UNUSED_VARIABLE = YES;
				IPHONEOS_DEPLOYMENT_TARGET = 13.0;
				MTL_ENABLE_DEBUG_INFO = INCLUDE_SOURCE;
				MTL_FAST_MATH = YES;
				ONLY_ACTIVE_ARCH = YES;
				SDKROOT = iphoneos;
				SWIFT_ACTIVE_COMPILATION_CONDITIONS = DEBUG;
				SWIFT_OPTIMIZATION_LEVEL = "-Onone";
			};
			name = Debug;
		};
		9D6E64982694693C00ABE77A /* Release */ = {
			isa = XCBuildConfiguration;
			buildSettings = {
				ALWAYS_SEARCH_USER_PATHS = NO;
				CLANG_ANALYZER_NONNULL = YES;
				CLANG_ANALYZER_NUMBER_OBJECT_CONVERSION = YES_AGGRESSIVE;
				CLANG_CXX_LANGUAGE_STANDARD = "gnu++14";
				CLANG_CXX_LIBRARY = "libc++";
				CLANG_ENABLE_MODULES = YES;
				CLANG_ENABLE_OBJC_ARC = YES;
				CLANG_ENABLE_OBJC_WEAK = YES;
				CLANG_WARN_BLOCK_CAPTURE_AUTORELEASING = YES;
				CLANG_WARN_BOOL_CONVERSION = YES;
				CLANG_WARN_COMMA = YES;
				CLANG_WARN_CONSTANT_CONVERSION = YES;
				CLANG_WARN_DEPRECATED_OBJC_IMPLEMENTATIONS = YES;
				CLANG_WARN_DIRECT_OBJC_ISA_USAGE = YES_ERROR;
				CLANG_WARN_DOCUMENTATION_COMMENTS = YES;
				CLANG_WARN_EMPTY_BODY = YES;
				CLANG_WARN_ENUM_CONVERSION = YES;
				CLANG_WARN_INFINITE_RECURSION = YES;
				CLANG_WARN_INT_CONVERSION = YES;
				CLANG_WARN_NON_LITERAL_NULL_CONVERSION = YES;
				CLANG_WARN_OBJC_IMPLICIT_RETAIN_SELF = YES;
				CLANG_WARN_OBJC_LITERAL_CONVERSION = YES;
				CLANG_WARN_OBJC_ROOT_CLASS = YES_ERROR;
				CLANG_WARN_QUOTED_INCLUDE_IN_FRAMEWORK_HEADER = YES;
				CLANG_WARN_RANGE_LOOP_ANALYSIS = YES;
				CLANG_WARN_STRICT_PROTOTYPES = YES;
				CLANG_WARN_SUSPICIOUS_MOVE = YES;
				CLANG_WARN_UNGUARDED_AVAILABILITY = YES_AGGRESSIVE;
				CLANG_WARN_UNREACHABLE_CODE = YES;
				CLANG_WARN__DUPLICATE_METHOD_MATCH = YES;
				COPY_PHASE_STRIP = NO;
				DEBUG_INFORMATION_FORMAT = "dwarf-with-dsym";
				ENABLE_NS_ASSERTIONS = NO;
				ENABLE_STRICT_OBJC_MSGSEND = YES;
				GCC_C_LANGUAGE_STANDARD = gnu11;
				GCC_NO_COMMON_BLOCKS = YES;
				GCC_WARN_64_TO_32_BIT_CONVERSION = YES;
				GCC_WARN_ABOUT_RETURN_TYPE = YES_ERROR;
				GCC_WARN_UNDECLARED_SELECTOR = YES;
				GCC_WARN_UNINITIALIZED_AUTOS = YES_AGGRESSIVE;
				GCC_WARN_UNUSED_FUNCTION = YES;
				GCC_WARN_UNUSED_VARIABLE = YES;
				IPHONEOS_DEPLOYMENT_TARGET = 13.0;
				MTL_ENABLE_DEBUG_INFO = NO;
				MTL_FAST_MATH = YES;
				SDKROOT = iphoneos;
				SWIFT_COMPILATION_MODE = wholemodule;
				SWIFT_OPTIMIZATION_LEVEL = "-O";
				VALIDATE_PRODUCT = YES;
			};
			name = Release;
		};
		9D6E649A2694693C00ABE77A /* Debug */ = {
			isa = XCBuildConfiguration;
			baseConfigurationReference = 486F2E78F977AAA37B83CA7E /* Pods-ToDoList.debug.xcconfig */;
			buildSettings = {
				ASSETCATALOG_COMPILER_APPICON_NAME = AppIcon;
				ASSETCATALOG_COMPILER_GLOBAL_ACCENT_COLOR_NAME = AccentColor;
				CODE_SIGN_IDENTITY = "Apple Development";
				CODE_SIGN_STYLE = Automatic;
				DEVELOPMENT_TEAM = 2R2M3KJN7D;
				INFOPLIST_FILE = ToDoList/Resources/Info.plist;
				LD_RUNPATH_SEARCH_PATHS = (
					"$(inherited)",
					"@executable_path/Frameworks",
				);
				PRODUCT_BUNDLE_IDENTIFIER = "com.example.ToDoList-iOS-App";
				PRODUCT_NAME = "$(TARGET_NAME)";
				PROVISIONING_PROFILE_SPECIFIER = "";
				SWIFT_VERSION = 5.0;
				TARGETED_DEVICE_FAMILY = "1,2";
			};
			name = Debug;
		};
		9D6E649B2694693C00ABE77A /* Release */ = {
			isa = XCBuildConfiguration;
			baseConfigurationReference = 726741B57855313C02139F12 /* Pods-ToDoList.release.xcconfig */;
			buildSettings = {
				ASSETCATALOG_COMPILER_APPICON_NAME = AppIcon;
				ASSETCATALOG_COMPILER_GLOBAL_ACCENT_COLOR_NAME = AccentColor;
				CODE_SIGN_IDENTITY = "Apple Development";
				CODE_SIGN_STYLE = Automatic;
				DEVELOPMENT_TEAM = 2R2M3KJN7D;
				INFOPLIST_FILE = ToDoList/Resources/Info.plist;
				LD_RUNPATH_SEARCH_PATHS = (
					"$(inherited)",
					"@executable_path/Frameworks",
				);
				PRODUCT_BUNDLE_IDENTIFIER = "com.example.ToDoList-iOS-App";
				PRODUCT_NAME = "$(TARGET_NAME)";
				PROVISIONING_PROFILE_SPECIFIER = "";
				SWIFT_VERSION = 5.0;
				TARGETED_DEVICE_FAMILY = "1,2";
			};
			name = Release;
		};
		9D6E649D2694693C00ABE77A /* Debug */ = {
			isa = XCBuildConfiguration;
			baseConfigurationReference = AB68016EF747BA0CFCBEAD22 /* Pods-ToDoListTests.debug.xcconfig */;
			buildSettings = {
				ALWAYS_EMBED_SWIFT_STANDARD_LIBRARIES = YES;
				BUNDLE_LOADER = "$(TEST_HOST)";
				CODE_SIGN_STYLE = Automatic;
				DEVELOPMENT_TEAM = 2R2M3KJN7D;
				INFOPLIST_FILE = ToDoListTests/Resources/Info.plist;
				IPHONEOS_DEPLOYMENT_TARGET = 14.5;
				LD_RUNPATH_SEARCH_PATHS = (
					"$(inherited)",
					"@executable_path/Frameworks",
					"@loader_path/Frameworks",
				);
				PRODUCT_BUNDLE_IDENTIFIER = com.example.ToDoListTests;
				PRODUCT_NAME = "$(TARGET_NAME)";
				SWIFT_VERSION = 5.0;
				TARGETED_DEVICE_FAMILY = "1,2";
				TEST_HOST = "$(BUILT_PRODUCTS_DIR)/ToDoList.app/ToDoList";
			};
			name = Debug;
		};
		9D6E649E2694693C00ABE77A /* Release */ = {
			isa = XCBuildConfiguration;
			baseConfigurationReference = D585A434771536D740D0C10E /* Pods-ToDoListTests.release.xcconfig */;
			buildSettings = {
				ALWAYS_EMBED_SWIFT_STANDARD_LIBRARIES = YES;
				BUNDLE_LOADER = "$(TEST_HOST)";
				CODE_SIGN_STYLE = Automatic;
				DEVELOPMENT_TEAM = 2R2M3KJN7D;
				INFOPLIST_FILE = ToDoListTests/Resources/Info.plist;
				IPHONEOS_DEPLOYMENT_TARGET = 14.5;
				LD_RUNPATH_SEARCH_PATHS = (
					"$(inherited)",
					"@executable_path/Frameworks",
					"@loader_path/Frameworks",
				);
				PRODUCT_BUNDLE_IDENTIFIER = com.example.ToDoListTests;
				PRODUCT_NAME = "$(TARGET_NAME)";
				SWIFT_VERSION = 5.0;
				TARGETED_DEVICE_FAMILY = "1,2";
				TEST_HOST = "$(BUILT_PRODUCTS_DIR)/ToDoList.app/ToDoList";
			};
			name = Release;
		};
/* End XCBuildConfiguration section */

/* Begin XCConfigurationList section */
		9D6E64672694693900ABE77A /* Build configuration list for PBXProject "ToDoList" */ = {
			isa = XCConfigurationList;
			buildConfigurations = (
				9D6E64972694693C00ABE77A /* Debug */,
				9D6E64982694693C00ABE77A /* Release */,
			);
			defaultConfigurationIsVisible = 0;
			defaultConfigurationName = Release;
		};
		9D6E64992694693C00ABE77A /* Build configuration list for PBXNativeTarget "ToDoList" */ = {
			isa = XCConfigurationList;
			buildConfigurations = (
				9D6E649A2694693C00ABE77A /* Debug */,
				9D6E649B2694693C00ABE77A /* Release */,
			);
			defaultConfigurationIsVisible = 0;
			defaultConfigurationName = Release;
		};
		9D6E649C2694693C00ABE77A /* Build configuration list for PBXNativeTarget "ToDoListTests" */ = {
			isa = XCConfigurationList;
			buildConfigurations = (
				9D6E649D2694693C00ABE77A /* Debug */,
				9D6E649E2694693C00ABE77A /* Release */,
			);
			defaultConfigurationIsVisible = 0;
			defaultConfigurationName = Release;
		};
/* End XCConfigurationList section */

/* Begin XCVersionGroup section */
		9D3A986B2695FF3A00BC553E /* ToDoListDataModel.xcdatamodeld */ = {
			isa = XCVersionGroup;
			children = (
				9D3A986C2695FF3A00BC553E /* ToDoListDataModel.xcdatamodel */,
			);
			currentVersion = 9D3A986C2695FF3A00BC553E /* ToDoListDataModel.xcdatamodel */;
			path = ToDoListDataModel.xcdatamodeld;
			sourceTree = "<group>";
			versionGroupType = wrapper.xcdatamodel;
		};
/* End XCVersionGroup section */
	};
	rootObject = 9D6E64642694693900ABE77A /* Project object */;
}
